<?xml version="1.0" encoding="utf-8"?>
<Project ToolsVersion="4.0" xmlns="http://schemas.microsoft.com/developer/msbuild/2003">
  <ItemGroup>
    <Filter Include="Source Files">
      <UniqueIdentifier>{4FC737F1-C7A5-4376-A066-2A32D752A2FF}</UniqueIdentifier>
      <Extensions>cpp;c;cc;cxx;def;odl;idl;hpj;bat;asm;asmx</Extensions>
    </Filter>
    <Filter Include="Header Files">
      <UniqueIdentifier>{93995380-89BD-4b04-88EB-625FBE52EBFB}</UniqueIdentifier>
      <Extensions>h;hh;hpp;hxx;hm;inl;inc;xsd</Extensions>
    </Filter>
    <Filter Include="Resource Files">
      <UniqueIdentifier>{67DA6AB6-F800-4c08-8B7A-83BB121AAD01}</UniqueIdentifier>
      <Extensions>rc;ico;cur;bmp;dlg;rc2;rct;bin;rgs;gif;jpg;jpeg;jpe;resx;tiff;tif;png;wav;mfcribbon-ms</Extensions>
    </Filter>
  </ItemGroup>
  <ItemGroup>
    <ClCompile Include="test.c">
      <Filter>Source Files</Filter>
    </ClCompile>
  </ItemGroup>
  <ItemGroup>
    <ClInclude Include="0.h">
      <Filter>Header Files</Filter>
    </ClInclude>
    <ClInclude Include="common.h">
      <Filter>Header Files</Filter>
    </ClInclude>
    <ClInclude Include="1.h">
      <Filter>Header Files</Filter>
    </ClInclude>
    <ClInclude Include="2.h">
      <Filter>Header Files</Filter>
    </ClInclude>
    <ClInclude Include="3.h">
      <Filter>Header Files</Filter>
    </ClInclude>
    <ClInclude Include="4.h">
      <Filter>Header Files</Filter>
    </ClInclude>
    <ClInclude Include="6.h">
      <Filter>Header Files</Filter>
    </ClInclude>
    <ClInclude Include="7.h">
      <Filter>Header Files</Filter>
    </ClInclude>
    <ClInclude Include="8.h">
      <Filter>Header Files</Filter>
    </ClInclude>
    <ClInclude Include="9.h">
      <Filter>Header Files</Filter>
    </ClInclude>
    <ClInclude Include="10.h">
      <Filter>Header Files</Filter>
    </ClInclude>
    <ClInclude Include="11.h">
      <Filter>Header Files</Filter>
    </ClInclude>
    <ClInclude Include="32.h">
      <Filter>Header Files</Filter>
    </ClInclude>
    <ClInclude Include="44.h">
      <Filter>Header Files</Filter>
    </ClInclude>
    <ClInclude Include="64.h">
      <Filter>Header Files</Filter>
    </ClInclude>
    <ClInclude Include="53.h">
      <Filter>Header Files</Filter>
    </ClInclude>
    <ClInclude Include="62.h">
      <Filter>Header Files</Filter>
    </ClInclude>
    <ClInclude Include="63.h">
      <Filter>Header Files</Filter>
    </ClInclude>
    <ClInclude Include="96.h">
      <Filter>Header Files</Filter>
    </ClInclude>
    <ClInclude Include="70.h">
      <Filter>Header Files</Filter>
    </ClInclude>
    <ClInclude Include="85.h">
      <Filter>Header Files</Filter>
    </ClInclude>
    <ClInclude Include="87.h">
      <Filter>Header Files</Filter>
    </ClInclude>
    <ClInclude Include="91.h">
      <Filter>Header Files</Filter>
    </ClInclude>
    <ClInclude Include="72.h">
      <Filter>Header Files</Filter>
    </ClInclude>
    <ClInclude Include="97.h">
      <Filter>Header Files</Filter>
    </ClInclude>
    <ClInclude Include="115.h">
      <Filter>Header Files</Filter>
    </ClInclude>
    <ClInclude Include="120.h">
      <Filter>Header Files</Filter>
    </ClInclude>
    <ClInclude Include="95.h">
      <Filter>Header Files</Filter>
    </ClInclude>
    <ClInclude Include="121.h">
      <Filter>Header Files</Filter>
    </ClInclude>
    <ClInclude Include="123.h">
      <Filter>Header Files</Filter>
    </ClInclude>
    <ClInclude Include="152.h">
      <Filter>Header Files</Filter>
    </ClInclude>
    <ClInclude Include="174.h">
      <Filter>Header Files</Filter>
    </ClInclude>
    <ClInclude Include="198.h">
      <Filter>Header Files</Filter>
    </ClInclude>
    <ClInclude Include="213.h">
      <Filter>Header Files</Filter>
    </ClInclude>
    <ClInclude Include="221.h">
      <Filter>Header Files</Filter>
    </ClInclude>
    <ClInclude Include="264.h">
      <Filter>Header Files</Filter>
    </ClInclude>
    <ClInclude Include="188.h">
      <Filter>Header Files</Filter>
    </ClInclude>
    <ClInclude Include="15.h">
      <Filter>Header Files</Filter>
    </ClInclude>
    <ClInclude Include="12.h">
      <Filter>Header Files</Filter>
    </ClInclude>
    <ClInclude Include="13.h">
      <Filter>Header Files</Filter>
    </ClInclude>
    <ClInclude Include="228.h">
      <Filter>Header Files</Filter>
    </ClInclude>
    <ClInclude Include="229.h">
      <Filter>Header Files</Filter>
    </ClInclude>
    <ClInclude Include="5.h">
      <Filter>Header Files</Filter>
    </ClInclude>
    <ClInclude Include="16.h">
      <Filter>Header Files</Filter>
    </ClInclude>
    <ClInclude Include="17.h">
      <Filter>Header Files</Filter>
    </ClInclude>
  </ItemGroup>
  <ItemGroup>
    <None Include="1.md">
      <Filter>Resource Files</Filter>
    </None>
    <None Include="2.md">
      <Filter>Resource Files</Filter>
    </None>
    <None Include="3.md">
      <Filter>Resource Files</Filter>
    </None>
    <None Include="6.md">
      <Filter>Resource Files</Filter>
    </None>
    <None Include="4.md">
      <Filter>Resource Files</Filter>
    </None>
    <None Include="7.md">
      <Filter>Resource Files</Filter>
    </None>
    <None Include="8.md">
      <Filter>Resource Files</Filter>
    </None>
    <None Include="9.md">
      <Filter>Resource Files</Filter>
    </None>
    <None Include="10.md">
      <Filter>Resource Files</Filter>
    </None>
    <None Include="11.md">
      <Filter>Resource Files</Filter>
    </None>
    <None Include="32.md">
      <Filter>Resource Files</Filter>
    </None>
    <None Include="44.md">
      <Filter>Resource Files</Filter>
    </None>
    <None Include="64.md">
      <Filter>Resource Files</Filter>
    </None>
    <None Include="53.md">
      <Filter>Resource Files</Filter>
    </None>
    <None Include="62.md">
      <Filter>Resource Files</Filter>
    </None>
    <None Include="63.md">
      <Filter>Resource Files</Filter>
    </None>
    <None Include="96.md">
      <Filter>Resource Files</Filter>
    </None>
    <None Include="70.md">
      <Filter>Resource Files</Filter>
    </None>
    <None Include="85.md">
      <Filter>Resource Files</Filter>
    </None>
    <None Include="87.md">
      <Filter>Resource Files</Filter>
    </None>
    <None Include="91.md">
      <Filter>Resource Files</Filter>
    </None>
    <None Include="72.md">
      <Filter>Resource Files</Filter>
    </None>
    <None Include="97.md">
      <Filter>Resource Files</Filter>
    </None>
    <None Include="115.md">
      <Filter>Resource Files</Filter>
    </None>
    <None Include="120.md">
      <Filter>Resource Files</Filter>
    </None>
    <None Include="95.md">
      <Filter>Resource Files</Filter>
    </None>
    <None Include="121.md">
      <Filter>Resource Files</Filter>
    </None>
    <None Include="123.md">
      <Filter>Resource Files</Filter>
    </None>
    <None Include="152.md">
      <Filter>Resource Files</Filter>
    </None>
    <None Include="174.md">
      <Filter>Resource Files</Filter>
    </None>
    <None Include="198.md">
      <Filter>Resource Files</Filter>
    </None>
    <None Include="213.md">
      <Filter>Resource Files</Filter>
    </None>
    <None Include="221.md">
      <Filter>Resource Files</Filter>
    </None>
    <None Include="264.md">
      <Filter>Resource Files</Filter>
    </None>
    <None Include="15.md">
      <Filter>Resource Files</Filter>
    </None>
    <None Include="188.md">
      <Filter>Resource Files</Filter>
    </None>
    <None Include="12.md">
      <Filter>Resource Files</Filter>
    </None>
    <None Include="13.md">
      <Filter>Resource Files</Filter>
    </None>
    <None Include="228.md">
      <Filter>Resource Files</Filter>
    </None>
    <None Include="229.md">
      <Filter>Resource Files</Filter>
    </None>
    <None Include="5.md">
      <Filter>Resource Files</Filter>
    </None>
    <None Include="16.md">
      <Filter>Resource Files</Filter>
    </None>
    <None Include="17.md">
      <Filter>Resource Files</Filter>
    </None>
  </ItemGroup>
</Project>